
Microsoft Visual Studio Solution File, Format Version 12.00
# Visual Studio Version 17
VisualStudioVersion = 17.8.34511.84
MinimumVisualStudioVersion = 10.0.40219.1
Project("{9A19103F-16F7-4668-BE54-9A1E7A4F7556}") = "WinFormsApp1", "WinFormsApp1\WinFormsApp1.csproj", "{A98427BC-AC19-41C1-A5CD-F5AC0A761304}"
EndProject
Global
	GlobalSection(SolutionConfigurationPlatforms) = preSolution
		Debug|Any CPU = Debug|Any CPU
		Release|Any CPU = Release|Any CPU
	EndGlobalSection
	GlobalSection(ProjectConfigurationPlatforms) = postSolution
		{A98427BC-AC19-41C1-A5CD-F5AC0A761304}.Debug|Any CPU.ActiveCfg = Debug|Any CPU
		{A98427BC-AC19-41C1-A5CD-F5AC0A761304}.Debug|Any CPU.Build.0 = Debug|Any CPU
		{A98427BC-AC19-41C1-A5CD-F5AC0A761304}.Release|Any CPU.ActiveCfg = Release|Any CPU
		{A98427BC-AC19-41C1-A5CD-F5AC0A761304}.Release|Any CPU.Build.0 = Release|Any CPU
	EndGlobalSection
	GlobalSection(SolutionProperties) = preSolution
		HideSolutionNode = FALSE
	EndGlobalSection
	GlobalSection(ExtensibilityGlobals) = postSolution
		SolutionGuid = {2D785AF5-AD87-475D-B517-198414DECAA9}
	EndGlobalSection
EndGlobal
